{
  "requires": true,
  "lockfileVersion": 1,
  "dependencies": {
    "canvas-gauges": {
      "version": "2.1.5-radial",
      "resolved": "https://registry.npmjs.org/canvas-gauges/-/canvas-gauges-2.1.5-radial.tgz",
      "integrity": "sha512-wOkJjA85MaIsatgHyqOXRp8k6g7z1j0sLMAzB4XruC8aVIpnVteuFzsqQIG5vRfV9RbIJ4Z6ZvRgngcBLjlGtg=="
    }
  }
}
